
Microsoft Visual Studio Solution File, Format Version 12.00
# Visual Studio Version 17
VisualStudioVersion = 17.2.32630.192
MinimumVisualStudioVersion = 10.0.40219.1
Project("{FAE04EC0-301F-11D3-BF4B-00C04F79EFBC}") = "MasterMultiplo", "MasterMultiplo\MasterMultiplo.csproj", "{AC002552-463E-402F-9128-BAF15F90082E}"
EndProject
Global
	GlobalSection(SolutionConfigurationPlatforms) = preSolution
		Debug|Any CPU = Debug|Any CPU
		Release|Any CPU = Release|Any CPU
	EndGlobalSection
	GlobalSection(ProjectConfigurationPlatforms) = postSolution
		{AC002552-463E-402F-9128-BAF15F90082E}.Debug|Any CPU.ActiveCfg = Debug|Any CPU
		{AC002552-463E-402F-9128-BAF15F90082E}.Debug|Any CPU.Build.0 = Debug|Any CPU
		{AC002552-463E-402F-9128-BAF15F90082E}.Release|Any CPU.ActiveCfg = Release|Any CPU
		{AC002552-463E-402F-9128-BAF15F90082E}.Release|Any CPU.Build.0 = Release|Any CPU
	EndGlobalSection
	GlobalSection(SolutionProperties) = preSolution
		HideSolutionNode = FALSE
	EndGlobalSection
	GlobalSection(ExtensibilityGlobals) = postSolution
		SolutionGuid = {D60941EF-0C89-44E5-AF2F-40B4E6AAD34A}
	EndGlobalSection
EndGlobal
